
Microsoft Visual Studio Solution File, Format Version 12.00
# Visual Studio Version 17
VisualStudioVersion = 17.0.32014.148
MinimumVisualStudioVersion = 10.0.40219.1
Project("{2150E333-8FDC-42A3-9474-1A3956D46DE8}") = "BehavioralPatterns", "BehavioralPatterns", "{E2074465-556E-4D36-95ED-BC491C6096F3}"
EndProject
Project("{2150E333-8FDC-42A3-9474-1A3956D46DE8}") = "State", "State", "{BA54D22A-C09C-4AF0-A4FF-24299A20AA80}"
EndProject
Project("{9A19103F-16F7-4668-BE54-9A1E7A4F7556}") = "StateTest", "BehavioralPatterns\State\StateTest\StateTest.csproj", "{A3CC7304-59DC-4115-9FB1-D9109C8BF1B1}"
EndProject
Project("{9A19103F-16F7-4668-BE54-9A1E7A4F7556}") = "TestBase", "TestBase\TestBase.csproj", "{20FDA361-3968-40C6-A8E9-552798BC0FF3}"
EndProject
Project("{2150E333-8FDC-42A3-9474-1A3956D46DE8}") = "Solution Items", "Solution Items", "{C1615EB6-9407-4805-A074-1F6BDD61C788}"
	ProjectSection(SolutionItems) = preProject
		.editorconfig = .editorconfig
		Directory.Build.props = Directory.Build.props
	EndProjectSection
EndProject
Project("{2150E333-8FDC-42A3-9474-1A3956D46DE8}") = "CreationalPatterns", "CreationalPatterns", "{F62320CC-131E-4097-B475-D6E41B2CE389}"
EndProject
Project("{2150E333-8FDC-42A3-9474-1A3956D46DE8}") = "Singleton", "Singleton", "{0977D69F-C9EE-454C-A3C4-91F541797EAF}"
EndProject
Project("{9A19103F-16F7-4668-BE54-9A1E7A4F7556}") = "SingletonTest", "CreationalPatterns\Singleton\SingletonTest\SingletonTest.csproj", "{96057D84-BA46-480F-837D-BA22514D8B81}"
EndProject
Project("{2150E333-8FDC-42A3-9474-1A3956D46DE8}") = "Factory", "Factory", "{CE613EBE-483F-4FB6-8061-F42D466072D5}"
EndProject
Project("{9A19103F-16F7-4668-BE54-9A1E7A4F7556}") = "FactoryTest", "CreationalPatterns\Factory\FactoryTest\FactoryTest.csproj", "{45D48F29-D83A-4955-B6C7-A2CDDCA411E7}"
EndProject
Project("{2150E333-8FDC-42A3-9474-1A3956D46DE8}") = "Builder", "Builder", "{06EB0959-D28D-40F5-A7A3-00C108F16215}"
EndProject
Project("{9A19103F-16F7-4668-BE54-9A1E7A4F7556}") = "BuilderTest", "CreationalPatterns\Builder\BuilderTest\BuilderTest.csproj", "{B732C753-919B-4DB1-A56F-222A89C0984F}"
EndProject
Project("{2150E333-8FDC-42A3-9474-1A3956D46DE8}") = "Prototype", "Prototype", "{81959CAC-EE86-4ABD-BF28-7DD35F0C4589}"
EndProject
Project("{9A19103F-16F7-4668-BE54-9A1E7A4F7556}") = "PrototypeTest", "CreationalPatterns\Prototype\PrototypeTest\PrototypeTest.csproj", "{0BA96435-AC24-412E-AB8F-A6149083E3C1}"
EndProject
Project("{2150E333-8FDC-42A3-9474-1A3956D46DE8}") = "StructuralPatterns", "StructuralPatterns", "{042DD041-DDD9-448F-91EA-53FD536C20F6}"
EndProject
Project("{2150E333-8FDC-42A3-9474-1A3956D46DE8}") = "Proxy", "Proxy", "{C4FE17D5-5485-435F-9CD1-114BB6204829}"
EndProject
Project("{9A19103F-16F7-4668-BE54-9A1E7A4F7556}") = "ProxyTest", "StructuralPatterns\Proxy\ProxyTest\ProxyTest.csproj", "{8D5F6EA9-C892-41A1-86A0-A7758712A2C3}"
EndProject
Project("{2150E333-8FDC-42A3-9474-1A3956D46DE8}") = "Bridge", "Bridge", "{E3870225-832B-4B1A-8689-CADACFFC9B36}"
EndProject
Project("{9A19103F-16F7-4668-BE54-9A1E7A4F7556}") = "BridgeTest", "StructuralPatterns\Bridge\BridgeTest\BridgeTest.csproj", "{403D247F-F5FF-4795-9DC0-D53402B01814}"
EndProject
Project("{2150E333-8FDC-42A3-9474-1A3956D46DE8}") = "Decorator", "Decorator", "{0F94E580-20EC-4C96-9008-A5DAD3DDE960}"
EndProject
Project("{9A19103F-16F7-4668-BE54-9A1E7A4F7556}") = "DecoratorTest", "StructuralPatterns\Decorator\DecoratorTest\DecoratorTest.csproj", "{7B7D9AD8-78F3-41F9-8BEF-CE98415A3204}"
EndProject
Project("{2150E333-8FDC-42A3-9474-1A3956D46DE8}") = "Adapter", "Adapter", "{C4E83C12-5CFF-4F4C-A2A9-55B3471C0B2A}"
EndProject
Project("{9A19103F-16F7-4668-BE54-9A1E7A4F7556}") = "AdapterTest", "StructuralPatterns\Adapter\AdapterTest\AdapterTest.csproj", "{256469D7-C5A8-4F5D-BC19-E2112DBDAED2}"
EndProject
Project("{2150E333-8FDC-42A3-9474-1A3956D46DE8}") = "Facade", "Facade", "{C17ADDD5-16A6-4AD3-98AC-5491C824BD98}"
EndProject
Project("{9A19103F-16F7-4668-BE54-9A1E7A4F7556}") = "FacadeTest", "StructuralPatterns\Facade\FacadeTest\FacadeTest.csproj", "{E6758860-78E3-4F73-9764-B99C532AE289}"
EndProject
Project("{2150E333-8FDC-42A3-9474-1A3956D46DE8}") = "Composite", "Composite", "{D3BA038A-0462-40BF-938D-B19DE7C90085}"
EndProject
Project("{9A19103F-16F7-4668-BE54-9A1E7A4F7556}") = "CompositeTest", "StructuralPatterns\Composite\CompositeTest\CompositeTest.csproj", "{9675C65A-B75F-4AC0-929A-17071A0E29CA}"
EndProject
Project("{2150E333-8FDC-42A3-9474-1A3956D46DE8}") = "Flyweight", "Flyweight", "{D21DA075-1199-4AE4-BE6D-EEB9C9C435C6}"
EndProject
Project("{9A19103F-16F7-4668-BE54-9A1E7A4F7556}") = "FlyweightTest", "StructuralPatterns\Flyweight\FlyweightTest\FlyweightTest.csproj", "{7A0FA13D-36FC-4B2C-A269-A6F6679BE092}"
EndProject
Project("{2150E333-8FDC-42A3-9474-1A3956D46DE8}") = "Observer", "Observer", "{CE5E76A0-93A2-4233-908B-78E8F19887EB}"
EndProject
Project("{FAE04EC0-301F-11D3-BF4B-00C04F79EFBC}") = "ObserverTest", "BehavioralPatterns\Observer\ObserverTest\ObserverTest.csproj", "{BCE6AB73-2588-4259-A815-889E1C48A542}"
EndProject
Global
	GlobalSection(SolutionConfigurationPlatforms) = preSolution
		Debug|Any CPU = Debug|Any CPU
		Release|Any CPU = Release|Any CPU
	EndGlobalSection
	GlobalSection(ProjectConfigurationPlatforms) = postSolution
		{A3CC7304-59DC-4115-9FB1-D9109C8BF1B1}.Debug|Any CPU.ActiveCfg = Debug|Any CPU
		{A3CC7304-59DC-4115-9FB1-D9109C8BF1B1}.Debug|Any CPU.Build.0 = Debug|Any CPU
		{A3CC7304-59DC-4115-9FB1-D9109C8BF1B1}.Release|Any CPU.ActiveCfg = Release|Any CPU
		{A3CC7304-59DC-4115-9FB1-D9109C8BF1B1}.Release|Any CPU.Build.0 = Release|Any CPU
		{20FDA361-3968-40C6-A8E9-552798BC0FF3}.Debug|Any CPU.ActiveCfg = Debug|Any CPU
		{20FDA361-3968-40C6-A8E9-552798BC0FF3}.Debug|Any CPU.Build.0 = Debug|Any CPU
		{20FDA361-3968-40C6-A8E9-552798BC0FF3}.Release|Any CPU.ActiveCfg = Release|Any CPU
		{20FDA361-3968-40C6-A8E9-552798BC0FF3}.Release|Any CPU.Build.0 = Release|Any CPU
		{96057D84-BA46-480F-837D-BA22514D8B81}.Debug|Any CPU.ActiveCfg = Debug|Any CPU
		{96057D84-BA46-480F-837D-BA22514D8B81}.Debug|Any CPU.Build.0 = Debug|Any CPU
		{96057D84-BA46-480F-837D-BA22514D8B81}.Release|Any CPU.ActiveCfg = Release|Any CPU
		{96057D84-BA46-480F-837D-BA22514D8B81}.Release|Any CPU.Build.0 = Release|Any CPU
		{45D48F29-D83A-4955-B6C7-A2CDDCA411E7}.Debug|Any CPU.ActiveCfg = Debug|Any CPU
		{45D48F29-D83A-4955-B6C7-A2CDDCA411E7}.Debug|Any CPU.Build.0 = Debug|Any CPU
		{45D48F29-D83A-4955-B6C7-A2CDDCA411E7}.Release|Any CPU.ActiveCfg = Release|Any CPU
		{45D48F29-D83A-4955-B6C7-A2CDDCA411E7}.Release|Any CPU.Build.0 = Release|Any CPU
		{B732C753-919B-4DB1-A56F-222A89C0984F}.Debug|Any CPU.ActiveCfg = Debug|Any CPU
		{B732C753-919B-4DB1-A56F-222A89C0984F}.Debug|Any CPU.Build.0 = Debug|Any CPU
		{B732C753-919B-4DB1-A56F-222A89C0984F}.Release|Any CPU.ActiveCfg = Release|Any CPU
		{B732C753-919B-4DB1-A56F-222A89C0984F}.Release|Any CPU.Build.0 = Release|Any CPU
		{0BA96435-AC24-412E-AB8F-A6149083E3C1}.Debug|Any CPU.ActiveCfg = Debug|Any CPU
		{0BA96435-AC24-412E-AB8F-A6149083E3C1}.Debug|Any CPU.Build.0 = Debug|Any CPU
		{0BA96435-AC24-412E-AB8F-A6149083E3C1}.Release|Any CPU.ActiveCfg = Release|Any CPU
		{0BA96435-AC24-412E-AB8F-A6149083E3C1}.Release|Any CPU.Build.0 = Release|Any CPU
		{8D5F6EA9-C892-41A1-86A0-A7758712A2C3}.Debug|Any CPU.ActiveCfg = Debug|Any CPU
		{8D5F6EA9-C892-41A1-86A0-A7758712A2C3}.Debug|Any CPU.Build.0 = Debug|Any CPU
		{8D5F6EA9-C892-41A1-86A0-A7758712A2C3}.Release|Any CPU.ActiveCfg = Release|Any CPU
		{8D5F6EA9-C892-41A1-86A0-A7758712A2C3}.Release|Any CPU.Build.0 = Release|Any CPU
		{403D247F-F5FF-4795-9DC0-D53402B01814}.Debug|Any CPU.ActiveCfg = Debug|Any CPU
		{403D247F-F5FF-4795-9DC0-D53402B01814}.Debug|Any CPU.Build.0 = Debug|Any CPU
		{403D247F-F5FF-4795-9DC0-D53402B01814}.Release|Any CPU.ActiveCfg = Release|Any CPU
		{403D247F-F5FF-4795-9DC0-D53402B01814}.Release|Any CPU.Build.0 = Release|Any CPU
		{7B7D9AD8-78F3-41F9-8BEF-CE98415A3204}.Debug|Any CPU.ActiveCfg = Debug|Any CPU
		{7B7D9AD8-78F3-41F9-8BEF-CE98415A3204}.Debug|Any CPU.Build.0 = Debug|Any CPU
		{7B7D9AD8-78F3-41F9-8BEF-CE98415A3204}.Release|Any CPU.ActiveCfg = Release|Any CPU
		{7B7D9AD8-78F3-41F9-8BEF-CE98415A3204}.Release|Any CPU.Build.0 = Release|Any CPU
		{256469D7-C5A8-4F5D-BC19-E2112DBDAED2}.Debug|Any CPU.ActiveCfg = Debug|Any CPU
		{256469D7-C5A8-4F5D-BC19-E2112DBDAED2}.Debug|Any CPU.Build.0 = Debug|Any CPU
		{256469D7-C5A8-4F5D-BC19-E2112DBDAED2}.Release|Any CPU.ActiveCfg = Release|Any CPU
		{256469D7-C5A8-4F5D-BC19-E2112DBDAED2}.Release|Any CPU.Build.0 = Release|Any CPU
		{E6758860-78E3-4F73-9764-B99C532AE289}.Debug|Any CPU.ActiveCfg = Debug|Any CPU
		{E6758860-78E3-4F73-9764-B99C532AE289}.Debug|Any CPU.Build.0 = Debug|Any CPU
		{E6758860-78E3-4F73-9764-B99C532AE289}.Release|Any CPU.ActiveCfg = Release|Any CPU
		{E6758860-78E3-4F73-9764-B99C532AE289}.Release|Any CPU.Build.0 = Release|Any CPU
		{9675C65A-B75F-4AC0-929A-17071A0E29CA}.Debug|Any CPU.ActiveCfg = Debug|Any CPU
		{9675C65A-B75F-4AC0-929A-17071A0E29CA}.Debug|Any CPU.Build.0 = Debug|Any CPU
		{9675C65A-B75F-4AC0-929A-17071A0E29CA}.Release|Any CPU.ActiveCfg = Release|Any CPU
		{9675C65A-B75F-4AC0-929A-17071A0E29CA}.Release|Any CPU.Build.0 = Release|Any CPU
		{7A0FA13D-36FC-4B2C-A269-A6F6679BE092}.Debug|Any CPU.ActiveCfg = Debug|Any CPU
		{7A0FA13D-36FC-4B2C-A269-A6F6679BE092}.Debug|Any CPU.Build.0 = Debug|Any CPU
		{7A0FA13D-36FC-4B2C-A269-A6F6679BE092}.Release|Any CPU.ActiveCfg = Release|Any CPU
		{7A0FA13D-36FC-4B2C-A269-A6F6679BE092}.Release|Any CPU.Build.0 = Release|Any CPU
		{BCE6AB73-2588-4259-A815-889E1C48A542}.Debug|Any CPU.ActiveCfg = Debug|Any CPU
		{BCE6AB73-2588-4259-A815-889E1C48A542}.Debug|Any CPU.Build.0 = Debug|Any CPU
		{BCE6AB73-2588-4259-A815-889E1C48A542}.Release|Any CPU.ActiveCfg = Release|Any CPU
		{BCE6AB73-2588-4259-A815-889E1C48A542}.Release|Any CPU.Build.0 = Release|Any CPU
	EndGlobalSection
	GlobalSection(SolutionProperties) = preSolution
		HideSolutionNode = FALSE
	EndGlobalSection
	GlobalSection(NestedProjects) = preSolution
		{BA54D22A-C09C-4AF0-A4FF-24299A20AA80} = {E2074465-556E-4D36-95ED-BC491C6096F3}
		{A3CC7304-59DC-4115-9FB1-D9109C8BF1B1} = {BA54D22A-C09C-4AF0-A4FF-24299A20AA80}
		{0977D69F-C9EE-454C-A3C4-91F541797EAF} = {F62320CC-131E-4097-B475-D6E41B2CE389}
		{96057D84-BA46-480F-837D-BA22514D8B81} = {0977D69F-C9EE-454C-A3C4-91F541797EAF}
		{CE613EBE-483F-4FB6-8061-F42D466072D5} = {F62320CC-131E-4097-B475-D6E41B2CE389}
		{45D48F29-D83A-4955-B6C7-A2CDDCA411E7} = {CE613EBE-483F-4FB6-8061-F42D466072D5}
		{06EB0959-D28D-40F5-A7A3-00C108F16215} = {F62320CC-131E-4097-B475-D6E41B2CE389}
		{B732C753-919B-4DB1-A56F-222A89C0984F} = {06EB0959-D28D-40F5-A7A3-00C108F16215}
		{81959CAC-EE86-4ABD-BF28-7DD35F0C4589} = {F62320CC-131E-4097-B475-D6E41B2CE389}
		{0BA96435-AC24-412E-AB8F-A6149083E3C1} = {81959CAC-EE86-4ABD-BF28-7DD35F0C4589}
		{C4FE17D5-5485-435F-9CD1-114BB6204829} = {042DD041-DDD9-448F-91EA-53FD536C20F6}
		{8D5F6EA9-C892-41A1-86A0-A7758712A2C3} = {C4FE17D5-5485-435F-9CD1-114BB6204829}
		{E3870225-832B-4B1A-8689-CADACFFC9B36} = {042DD041-DDD9-448F-91EA-53FD536C20F6}
		{403D247F-F5FF-4795-9DC0-D53402B01814} = {E3870225-832B-4B1A-8689-CADACFFC9B36}
		{0F94E580-20EC-4C96-9008-A5DAD3DDE960} = {042DD041-DDD9-448F-91EA-53FD536C20F6}
		{7B7D9AD8-78F3-41F9-8BEF-CE98415A3204} = {0F94E580-20EC-4C96-9008-A5DAD3DDE960}
		{C4E83C12-5CFF-4F4C-A2A9-55B3471C0B2A} = {042DD041-DDD9-448F-91EA-53FD536C20F6}
		{256469D7-C5A8-4F5D-BC19-E2112DBDAED2} = {C4E83C12-5CFF-4F4C-A2A9-55B3471C0B2A}
		{C17ADDD5-16A6-4AD3-98AC-5491C824BD98} = {042DD041-DDD9-448F-91EA-53FD536C20F6}
		{E6758860-78E3-4F73-9764-B99C532AE289} = {C17ADDD5-16A6-4AD3-98AC-5491C824BD98}
		{D3BA038A-0462-40BF-938D-B19DE7C90085} = {042DD041-DDD9-448F-91EA-53FD536C20F6}
		{9675C65A-B75F-4AC0-929A-17071A0E29CA} = {D3BA038A-0462-40BF-938D-B19DE7C90085}
		{D21DA075-1199-4AE4-BE6D-EEB9C9C435C6} = {042DD041-DDD9-448F-91EA-53FD536C20F6}
		{7A0FA13D-36FC-4B2C-A269-A6F6679BE092} = {D21DA075-1199-4AE4-BE6D-EEB9C9C435C6}
		{CE5E76A0-93A2-4233-908B-78E8F19887EB} = {E2074465-556E-4D36-95ED-BC491C6096F3}
		{BCE6AB73-2588-4259-A815-889E1C48A542} = {CE5E76A0-93A2-4233-908B-78E8F19887EB}
	EndGlobalSection
	GlobalSection(ExtensibilityGlobals) = postSolution
		SolutionGuid = {BF9986D3-E2E7-4070-8EC4-114F858E7A70}
	EndGlobalSection
EndGlobal
